// !$*UTF8*$!
{
	archiveVersion = 1;
	classes = {
	};
	objectVersion = 46;
	objects = {

/* Begin PBXBuildFile section */
		63DCF7ED1ECA90BA00C2D798 /* AppDelegate.swift in Sources */ = {isa = PBXBuildFile; fileRef = 63DCF7EC1ECA90BA00C2D798 /* AppDelegate.swift */; };
		63DCF7F21ECA90BA00C2D798 /* Main.storyboard in Resources */ = {isa = PBXBuildFile; fileRef = 63DCF7F01ECA90BA00C2D798 /* Main.storyboard */; };
		63DCF7F41ECA90BA00C2D798 /* Assets.xcassets in Resources */ = {isa = PBXBuildFile; fileRef = 63DCF7F31ECA90BA00C2D798 /* Assets.xcassets */; };
		63DCF8071ECA912B00C2D798 /* AddGeotificationViewController.swift in Sources */ = {isa = PBXBuildFile; fileRef = 63DCF7FE1ECA912B00C2D798 /* AddGeotificationViewController.swift */; };
		63DCF8091ECA912B00C2D798 /* Base.lproj in Resources */ = {isa = PBXBuildFile; fileRef = 63DCF8001ECA912B00C2D798 /* Base.lproj */; };
		63DCF80A1ECA912B00C2D798 /* Geotification.swift in Sources */ = {isa = PBXBuildFile; fileRef = 63DCF8011ECA912B00C2D798 /* Geotification.swift */; };
		63DCF80B1ECA912B00C2D798 /* GeotificationsViewController.swift in Sources */ = {isa = PBXBuildFile; fileRef = 63DCF8021ECA912B00C2D798 /* GeotificationsViewController.swift */; };
		63DCF80C1ECA912B00C2D798 /* Images.xcassets in Resources */ = {isa = PBXBuildFile; fileRef = 63DCF8031ECA912B00C2D798 /* Images.xcassets */; };
		63DCF80D1ECA912B00C2D798 /* LocationSearchTable.swift in Sources */ = {isa = PBXBuildFile; fileRef = 63DCF8041ECA912B00C2D798 /* LocationSearchTable.swift */; };
		63DCF80E1ECA912B00C2D798 /* Utilities.swift in Sources */ = {isa = PBXBuildFile; fileRef = 63DCF8051ECA912B00C2D798 /* Utilities.swift */; };
		63DCF8111ECA919A00C2D798 /* LaunchScreen.xib in Resources */ = {isa = PBXBuildFile; fileRef = 63DCF80F1ECA919A00C2D798 /* LaunchScreen.xib */; };
		63DCF81A1ECB704100C2D798 /* SetTimeViewController.swift in Sources */ = {isa = PBXBuildFile; fileRef = 63DCF8191ECB704100C2D798 /* SetTimeViewController.swift */; };
/* End PBXBuildFile section */

/* Begin PBXFileReference section */
		63DCF7E91ECA90BA00C2D798 /* Chronos.app */ = {isa = PBXFileReference; explicitFileType = wrapper.application; includeInIndex = 0; path = Chronos.app; sourceTree = BUILT_PRODUCTS_DIR; };
		63DCF7EC1ECA90BA00C2D798 /* AppDelegate.swift */ = {isa = PBXFileReference; lastKnownFileType = sourcecode.swift; path = AppDelegate.swift; sourceTree = "<group>"; };
		63DCF7F11ECA90BA00C2D798 /* Base */ = {isa = PBXFileReference; lastKnownFileType = file.storyboard; name = Base; path = Base.lproj/Main.storyboard; sourceTree = "<group>"; };
		63DCF7F31ECA90BA00C2D798 /* Assets.xcassets */ = {isa = PBXFileReference; lastKnownFileType = folder.assetcatalog; path = Assets.xcassets; sourceTree = "<group>"; };
		63DCF7F81ECA90BA00C2D798 /* Info.plist */ = {isa = PBXFileReference; lastKnownFileType = text.plist.xml; path = Info.plist; sourceTree = "<group>"; };
		63DCF7FE1ECA912B00C2D798 /* AddGeotificationViewController.swift */ = {isa = PBXFileReference; fileEncoding = 4; lastKnownFileType = sourcecode.swift; path = AddGeotificationViewController.swift; sourceTree = "<group>"; };
		63DCF8001ECA912B00C2D798 /* Base.lproj */ = {isa = PBXFileReference; lastKnownFileType = folder; path = Base.lproj; sourceTree = "<group>"; };
		63DCF8011ECA912B00C2D798 /* Geotification.swift */ = {isa = PBXFileReference; fileEncoding = 4; lastKnownFileType = sourcecode.swift; path = Geotification.swift; sourceTree = "<group>"; };
		63DCF8021ECA912B00C2D798 /* GeotificationsViewController.swift */ = {isa = PBXFileReference; fileEncoding = 4; lastKnownFileType = sourcecode.swift; path = GeotificationsViewController.swift; sourceTree = "<group>"; };
		63DCF8031ECA912B00C2D798 /* Images.xcassets */ = {isa = PBXFileReference; lastKnownFileType = folder.assetcatalog; path = Images.xcassets; sourceTree = "<group>"; };
		63DCF8041ECA912B00C2D798 /* LocationSearchTable.swift */ = {isa = PBXFileReference; fileEncoding = 4; lastKnownFileType = sourcecode.swift; path = LocationSearchTable.swift; sourceTree = "<group>"; };
		63DCF8051ECA912B00C2D798 /* Utilities.swift */ = {isa = PBXFileReference; fileEncoding = 4; lastKnownFileType = sourcecode.swift; path = Utilities.swift; sourceTree = "<group>"; };
		63DCF8061ECA912B00C2D798 /* Wally-Bridging-Header.h */ = {isa = PBXFileReference; fileEncoding = 4; lastKnownFileType = sourcecode.c.h; path = "Wally-Bridging-Header.h"; sourceTree = "<group>"; };
		63DCF8101ECA919A00C2D798 /* Base */ = {isa = PBXFileReference; lastKnownFileType = file.xib; name = Base; path = Base.lproj/LaunchScreen.xib; sourceTree = "<group>"; };
		63DCF8191ECB704100C2D798 /* SetTimeViewController.swift */ = {isa = PBXFileReference; fileEncoding = 4; lastKnownFileType = sourcecode.swift; path = SetTimeViewController.swift; sourceTree = "<group>"; };
/* End PBXFileReference section */

/* Begin PBXFrameworksBuildPhase section */
		63DCF7E61ECA90BA00C2D798 /* Frameworks */ = {
			isa = PBXFrameworksBuildPhase;
			buildActionMask = 2147483647;
			files = (
			);
			runOnlyForDeploymentPostprocessing = 0;
		};
/* End PBXFrameworksBuildPhase section */

/* Begin PBXGroup section */
		63DCF7E01ECA90BA00C2D798 = {
			isa = PBXGroup;
			children = (
				63DCF7EB1ECA90BA00C2D798 /* Chronos */,
			);
			sourceTree = "<group>";
		};
		63DCF7EA1ECA90BA00C2D798 /* Products */ = {
			isa = PBXGroup;
			children = (
				63DCF7E91ECA90BA00C2D798 /* Chronos.app */,
			);
			name = Products;
			path = ..;
			sourceTree = "<group>";
		};
		63DCF7EB1ECA90BA00C2D798 /* Chronos */ = {
			isa = PBXGroup;
			children = (
				63DCF7EC1ECA90BA00C2D798 /* AppDelegate.swift */,
				63DCF81B1ECB704900C2D798 /* VC */,
				63DCF8011ECA912B00C2D798 /* Geotification.swift */,
				63DCF8031ECA912B00C2D798 /* Images.xcassets */,
				63DCF7F01ECA90BA00C2D798 /* Main.storyboard */,
				63DCF8121ECA956700C2D798 /* utilities */,
				63DCF7EA1ECA90BA00C2D798 /* Products */,
				63DCF8001ECA912B00C2D798 /* Base.lproj */,
				63DCF7F31ECA90BA00C2D798 /* Assets.xcassets */,
				63DCF7F81ECA90BA00C2D798 /* Info.plist */,
			);
			path = Chronos;
			sourceTree = "<group>";
		};
		63DCF8121ECA956700C2D798 /* utilities */ = {
			isa = PBXGroup;
			children = (
				63DCF8061ECA912B00C2D798 /* Wally-Bridging-Header.h */,
				63DCF8051ECA912B00C2D798 /* Utilities.swift */,
				63DCF8041ECA912B00C2D798 /* LocationSearchTable.swift */,
				63DCF80F1ECA919A00C2D798 /* LaunchScreen.xib */,
			);
			name = utilities;
			sourceTree = "<group>";
		};
		63DCF81B1ECB704900C2D798 /* VC */ = {
			isa = PBXGroup;
			children = (
				63DCF8021ECA912B00C2D798 /* GeotificationsViewController.swift */,
				63DCF7FE1ECA912B00C2D798 /* AddGeotificationViewController.swift */,
				63DCF8191ECB704100C2D798 /* SetTimeViewController.swift */,
			);
			name = VC;
			sourceTree = "<group>";
		};
/* End PBXGroup section */

/* Begin PBXNativeTarget section */
		63DCF7E81ECA90BA00C2D798 /* Chronos */ = {
			isa = PBXNativeTarget;
			buildConfigurationList = 63DCF7FB1ECA90BA00C2D798 /* Build configuration list for PBXNativeTarget "Chronos" */;
			buildPhases = (
				63DCF7E51ECA90BA00C2D798 /* Sources */,
				63DCF7E61ECA90BA00C2D798 /* Frameworks */,
				63DCF7E71ECA90BA00C2D798 /* Resources */,
			);
			buildRules = (
			);
			dependencies = (
			);
			name = Chronos;
			productName = Chronos;
			productReference = 63DCF7E91ECA90BA00C2D798 /* Chronos.app */;
			productType = "com.apple.product-type.application";
		};
/* End PBXNativeTarget section */

/* Begin PBXProject section */
		63DCF7E11ECA90BA00C2D798 /* Project object */ = {
			isa = PBXProject;
			attributes = {
				LastSwiftUpdateCheck = 0830;
				LastUpgradeCheck = 0830;
				ORGANIZATIONNAME = "David Wallach";
				TargetAttributes = {
					63DCF7E81ECA90BA00C2D798 = {
						CreatedOnToolsVersion = 8.3.2;
						DevelopmentTeam = HABT2LUTZK;
						ProvisioningStyle = Automatic;
					};
				};
			};
			buildConfigurationList = 63DCF7E41ECA90BA00C2D798 /* Build configuration list for PBXProject "Chronos" */;
			compatibilityVersion = "Xcode 3.2";
			developmentRegion = English;
			hasScannedForEncodings = 0;
			knownRegions = (
				en,
				Base,
			);
			mainGroup = 63DCF7E01ECA90BA00C2D798;
			productRefGroup = 63DCF7EA1ECA90BA00C2D798 /* Products */;
			projectDirPath = "";
			projectRoot = "";
			targets = (
				63DCF7E81ECA90BA00C2D798 /* Chronos */,
			);
		};
/* End PBXProject section */

/* Begin PBXResourcesBuildPhase section */
		63DCF7E71ECA90BA00C2D798 /* Resources */ = {
			isa = PBXResourcesBuildPhase;
			buildActionMask = 2147483647;
			files = (
				63DCF7F41ECA90BA00C2D798 /* Assets.xcassets in Resources */,
				63DCF8091ECA912B00C2D798 /* Base.lproj in Resources */,
				63DCF80C1ECA912B00C2D798 /* Images.xcassets in Resources */,
				63DCF8111ECA919A00C2D798 /* LaunchScreen.xib in Resources */,
				63DCF7F21ECA90BA00C2D798 /* Main.storyboard in Resources */,
			);
			runOnlyForDeploymentPostprocessing = 0;
		};
/* End PBXResourcesBuildPhase section */

/* Begin PBXSourcesBuildPhase section */
		63DCF7E51ECA90BA00C2D798 /* Sources */ = {
			isa = PBXSourcesBuildPhase;
			buildActionMask = 2147483647;
			files = (
				63DCF80E1ECA912B00C2D798 /* Utilities.swift in Sources */,
				63DCF80B1ECA912B00C2D798 /* GeotificationsViewController.swift in Sources */,
				63DCF80D1ECA912B00C2D798 /* LocationSearchTable.swift in Sources */,
				63DCF80A1ECA912B00C2D798 /* Geotification.swift in Sources */,
				63DCF8071ECA912B00C2D798 /* AddGeotificationViewController.swift in Sources */,
				63DCF7ED1ECA90BA00C2D798 /* AppDelegate.swift in Sources */,
				63DCF81A1ECB704100C2D798 /* SetTimeViewController.swift in Sources */,
			);
			runOnlyForDeploymentPostprocessing = 0;
		};
/* End PBXSourcesBuildPhase section */

/* Begin PBXVariantGroup section */
		63DCF7F01ECA90BA00C2D798 /* Main.storyboard */ = {
			isa = PBXVariantGroup;
			children = (
				63DCF7F11ECA90BA00C2D798 /* Base */,
			);
			name = Main.storyboard;
			sourceTree = "<group>";
		};
		63DCF80F1ECA919A00C2D798 /* LaunchScreen.xib */ = {
			isa = PBXVariantGroup;
			children = (
				63DCF8101ECA919A00C2D798 /* Base */,
			);
			name = LaunchScreen.xib;
			sourceTree = "<group>";
		};
/* End PBXVariantGroup section */

/* Begin XCBuildConfiguration section */
		63DCF7F91ECA90BA00C2D798 /* Debug */ = {
			isa = XCBuildConfiguration;
			buildSettings = {
				ALWAYS_SEARCH_USER_PATHS = NO;
				CLANG_ANALYZER_NONNULL = YES;
				CLANG_ANALYZER_NUMBER_OBJECT_CONVERSION = YES_AGGRESSIVE;
				CLANG_CXX_LANGUAGE_STANDARD = "gnu++0x";
				CLANG_CXX_LIBRARY = "libc++";
				CLANG_ENABLE_MODULES = YES;
				CLANG_ENABLE_OBJC_ARC = YES;
				CLANG_WARN_BOOL_CONVERSION = YES;
				CLANG_WARN_CONSTANT_CONVERSION = YES;
				CLANG_WARN_DIRECT_OBJC_ISA_USAGE = YES_ERROR;
				CLANG_WARN_DOCUMENTATION_COMMENTS = YES;
				CLANG_WARN_EMPTY_BODY = YES;
				CLANG_WARN_ENUM_CONVERSION = YES;
				CLANG_WARN_INFINITE_RECURSION = YES;
				CLANG_WARN_INT_CONVERSION = YES;
				CLANG_WARN_OBJC_ROOT_CLASS = YES_ERROR;
				CLANG_WARN_SUSPICIOUS_MOVE = YES;
				CLANG_WARN_UNREACHABLE_CODE = YES;
				CLANG_WARN__DUPLICATE_METHOD_MATCH = YES;
				"CODE_SIGN_IDENTITY[sdk=iphoneos*]" = "iPhone Developer";
				COPY_PHASE_STRIP = NO;
				DEBUG_INFORMATION_FORMAT = dwarf;
				ENABLE_STRICT_OBJC_MSGSEND = YES;
				ENABLE_TESTABILITY = YES;
				GCC_C_LANGUAGE_STANDARD = gnu99;
				GCC_DYNAMIC_NO_PIC = NO;
				GCC_NO_COMMON_BLOCKS = YES;
				GCC_OPTIMIZATION_LEVEL = 0;
				GCC_PREPROCESSOR_DEFINITIONS = (
					"DEBUG=1",
					"$(inherited)",
				);
				GCC_WARN_64_TO_32_BIT_CONVERSION = YES;
				GCC_WARN_ABOUT_RETURN_TYPE = YES_ERROR;
				GCC_WARN_UNDECLARED_SELECTOR = YES;
				GCC_WARN_UNINITIALIZED_AUTOS = YES_AGGRESSIVE;
				GCC_WARN_UNUSED_FUNCTION = YES;
				GCC_WARN_UNUSED_VARIABLE = YES;
				IPHONEOS_DEPLOYMENT_TARGET = 10.3;
				MTL_ENABLE_DEBUG_INFO = YES;
				ONLY_ACTIVE_ARCH = YES;
				SDKROOT = iphoneos;
				SWIFT_ACTIVE_COMPILATION_CONDITIONS = DEBUG;
				SWIFT_OPTIMIZATION_LEVEL = "-Onone";
			};
			name = Debug;
		};
		63DCF7FA1ECA90BA00C2D798 /* Release */ = {
			isa = XCBuildConfiguration;
			buildSettings = {
				ALWAYS_SEARCH_USER_PATHS = NO;
				CLANG_ANALYZER_NONNULL = YES;
				CLANG_ANALYZER_NUMBER_OBJECT_CONVERSION = YES_AGGRESSIVE;
				CLANG_CXX_LANGUAGE_STANDARD = "gnu++0x";
				CLANG_CXX_LIBRARY = "libc++";
				CLANG_ENABLE_MODULES = YES;
				CLANG_ENABLE_OBJC_ARC = YES;
				CLANG_WARN_BOOL_CONVERSION = YES;
				CLANG_WARN_CONSTANT_CONVERSION = YES;
				CLANG_WARN_DIRECT_OBJC_ISA_USAGE = YES_ERROR;
				CLANG_WARN_DOCUMENTATION_COMMENTS = YES;
				CLANG_WARN_EMPTY_BODY = YES;
				CLANG_WARN_ENUM_CONVERSION = YES;
				CLANG_WARN_INFINITE_RECURSION = YES;
				CLANG_WARN_INT_CONVERSION = YES;
				CLANG_WARN_OBJC_ROOT_CLASS = YES_ERROR;
				CLANG_WARN_SUSPICIOUS_MOVE = YES;
				CLANG_WARN_UNREACHABLE_CODE = YES;
				CLANG_WARN__DUPLICATE_METHOD_MATCH = YES;
				"CODE_SIGN_IDENTITY[sdk=iphoneos*]" = "iPhone Developer";
				COPY_PHASE_STRIP = NO;
				DEBUG_INFORMATION_FORMAT = "dwarf-with-dsym";
				ENABLE_NS_ASSERTIONS = NO;
				ENABLE_STRICT_OBJC_MSGSEND = YES;
				GCC_C_LANGUAGE_STANDARD = gnu99;
				GCC_NO_COMMON_BLOCKS = YES;
				GCC_WARN_64_TO_32_BIT_CONVERSION = YES;
				GCC_WARN_ABOUT_RETURN_TYPE = YES_ERROR;
				GCC_WARN_UNDECLARED_SELECTOR = YES;
				GCC_WARN_UNINITIALIZED_AUTOS = YES_AGGRESSIVE;
				GCC_WARN_UNUSED_FUNCTION = YES;
				GCC_WARN_UNUSED_VARIABLE = YES;
				IPHONEOS_DEPLOYMENT_TARGET = 10.3;
				MTL_ENABLE_DEBUG_INFO = NO;
				SDKROOT = iphoneos;
				SWIFT_OPTIMIZATION_LEVEL = "-Owholemodule";
				VALIDATE_PRODUCT = YES;
			};
			name = Release;
		};
		63DCF7FC1ECA90BA00C2D798 /* Debug */ = {
			isa = XCBuildConfiguration;
			buildSettings = {
				ASSETCATALOG_COMPILER_APPICON_NAME = AppIcon;
				DEVELOPMENT_TEAM = HABT2LUTZK;
				INFOPLIST_FILE = Chronos/Info.plist;
				LD_RUNPATH_SEARCH_PATHS = "$(inherited) @executable_path/Frameworks";
				PRODUCT_BUNDLE_IDENTIFIER = com.WallachWorld.Chronos;
				PRODUCT_NAME = "$(TARGET_NAME)";
				SWIFT_VERSION = 3.0;
			};
			name = Debug;
		};
		63DCF7FD1ECA90BA00C2D798 /* Release */ = {
			isa = XCBuildConfiguration;
			buildSettings = {
				ASSETCATALOG_COMPILER_APPICON_NAME = AppIcon;
				DEVELOPMENT_TEAM = HABT2LUTZK;
				INFOPLIST_FILE = Chronos/Info.plist;
				LD_RUNPATH_SEARCH_PATHS = "$(inherited) @executable_path/Frameworks";
				PRODUCT_BUNDLE_IDENTIFIER = com.WallachWorld.Chronos;
				PRODUCT_NAME = "$(TARGET_NAME)";
				SWIFT_VERSION = 3.0;
			};
			name = Release;
		};
/* End XCBuildConfiguration section */

/* Begin XCConfigurationList section */
		63DCF7E41ECA90BA00C2D798 /* Build configuration list for PBXProject "Chronos" */ = {
			isa = XCConfigurationList;
			buildConfigurations = (
				63DCF7F91ECA90BA00C2D798 /* Debug */,
				63DCF7FA1ECA90BA00C2D798 /* Release */,
			);
			defaultConfigurationIsVisible = 0;
			defaultConfigurationName = Release;
		};
		63DCF7FB1ECA90BA00C2D798 /* Build configuration list for PBXNativeTarget "Chronos" */ = {
			isa = XCConfigurationList;
			buildConfigurations = (
				63DCF7FC1ECA90BA00C2D798 /* Debug */,
				63DCF7FD1ECA90BA00C2D798 /* Release */,
			);
			defaultConfigurationIsVisible = 0;
			defaultConfigurationName = Release;
		};
/* End XCConfigurationList section */
	};
	rootObject = 63DCF7E11ECA90BA00C2D798 /* Project object */;
}
